
Microsoft Visual Studio Solution File, Format Version 12.00
# Visual Studio 2012
Project("{FAE04EC0-301F-11D3-BF4B-00C04F79EFBC}") = "Zappos", "Zappos\Zappos.csproj", "{34BFEE37-0175-4E31-B452-B6CCE6EB3611}"
EndProject
Global
	GlobalSection(SolutionConfigurationPlatforms) = preSolution
		Debug|Any CPU = Debug|Any CPU
		Release|Any CPU = Release|Any CPU
	EndGlobalSection
	GlobalSection(ProjectConfigurationPlatforms) = postSolution
		{34BFEE37-0175-4E31-B452-B6CCE6EB3611}.Debug|Any CPU.ActiveCfg = Debug|Any CPU
		{34BFEE37-0175-4E31-B452-B6CCE6EB3611}.Debug|Any CPU.Build.0 = Debug|Any CPU
		{34BFEE37-0175-4E31-B452-B6CCE6EB3611}.Release|Any CPU.ActiveCfg = Release|Any CPU
		{34BFEE37-0175-4E31-B452-B6CCE6EB3611}.Release|Any CPU.Build.0 = Release|Any CPU
	EndGlobalSection
	GlobalSection(SolutionProperties) = preSolution
		HideSolutionNode = FALSE
	EndGlobalSection
EndGlobal
